// !$*UTF8*$!
{
	archiveVersion = 1;
	classes = {
	};
	objectVersion = 46;
	objects = {

/* Begin PBXBuildFile section */
		A30050C415861B0A00CDC149 /* UIKit.framework in Frameworks */ = {isa = PBXBuildFile; fileRef = A30050C315861B0A00CDC149 /* UIKit.framework */; };
		A30050C615861B0A00CDC149 /* Foundation.framework in Frameworks */ = {isa = PBXBuildFile; fileRef = A30050C515861B0A00CDC149 /* Foundation.framework */; };
		A30050C815861B0A00CDC149 /* CoreGraphics.framework in Frameworks */ = {isa = PBXBuildFile; fileRef = A30050C715861B0A00CDC149 /* CoreGraphics.framework */; };
		A30050CE15861B0A00CDC149 /* InfoPlist.strings in Resources */ = {isa = PBXBuildFile; fileRef = A30050CC15861B0A00CDC149 /* InfoPlist.strings */; };
		A30050D015861B0A00CDC149 /* main.m in Sources */ = {isa = PBXBuildFile; fileRef = A30050CF15861B0A00CDC149 /* main.m */; };
		A30050D415861B0A00CDC149 /* BIDAppDelegate.m in Sources */ = {isa = PBXBuildFile; fileRef = A30050D315861B0A00CDC149 /* BIDAppDelegate.m */; };
		A30050D715861B0A00CDC149 /* BIDViewController.m in Sources */ = {isa = PBXBuildFile; fileRef = A30050D615861B0A00CDC149 /* BIDViewController.m */; };
		A30050DA15861B0A00CDC149 /* BIDViewController.xib in Resources */ = {isa = PBXBuildFile; fileRef = A30050D815861B0A00CDC149 /* BIDViewController.xib */; };
/* End PBXBuildFile section */

/* Begin PBXFileReference section */
		A30050BF15861B0A00CDC149 /* button fun.app */ = {isa = PBXFileReference; explicitFileType = wrapper.application; includeInIndex = 0; path = "button fun.app"; sourceTree = BUILT_PRODUCTS_DIR; };
		A30050C315861B0A00CDC149 /* UIKit.framework */ = {isa = PBXFileReference; lastKnownFileType = wrapper.framework; name = UIKit.framework; path = System/Library/Frameworks/UIKit.framework; sourceTree = SDKROOT; };
		A30050C515861B0A00CDC149 /* Foundation.framework */ = {isa = PBXFileReference; lastKnownFileType = wrapper.framework; name = Foundation.framework; path = System/Library/Frameworks/Foundation.framework; sourceTree = SDKROOT; };
		A30050C715861B0A00CDC149 /* CoreGraphics.framework */ = {isa = PBXFileReference; lastKnownFileType = wrapper.framework; name = CoreGraphics.framework; path = System/Library/Frameworks/CoreGraphics.framework; sourceTree = SDKROOT; };
		A30050CB15861B0A00CDC149 /* button fun-Info.plist */ = {isa = PBXFileReference; path = "button fun-Info.plist"; sourceTree = "<group>"; };
		A30050CD15861B0A00CDC149 /* en */ = {isa = PBXFileReference; lastKnownFileType = text.plist.strings; name = en; path = en.lproj/InfoPlist.strings; sourceTree = "<group>"; };
		A30050CF15861B0A00CDC149 /* main.m */ = {isa = PBXFileReference; lastKnownFileType = sourcecode.c.objc; path = main.m; sourceTree = "<group>"; };
		A30050D115861B0A00CDC149 /* button fun-Prefix.pch */ = {isa = PBXFileReference; path = "button fun-Prefix.pch"; sourceTree = "<group>"; };
		A30050D215861B0A00CDC149 /* BIDAppDelegate.h */ = {isa = PBXFileReference; path = BIDAppDelegate.h; sourceTree = "<group>"; };
		A30050D315861B0A00CDC149 /* BIDAppDelegate.m */ = {isa = PBXFileReference; lastKnownFileType = sourcecode.c.objc; path = BIDAppDelegate.m; sourceTree = "<group>"; };
		A30050D515861B0A00CDC149 /* BIDViewController.h */ = {isa = PBXFileReference; path = BIDViewController.h; sourceTree = "<group>"; };
		A30050D615861B0A00CDC149 /* BIDViewController.m */ = {isa = PBXFileReference; lastKnownFileType = sourcecode.c.objc; path = BIDViewController.m; sourceTree = "<group>"; };
		A30050D915861B0A00CDC149 /* en */ = {isa = PBXFileReference; lastKnownFileType = file.xib; name = en; path = en.lproj/BIDViewController.xib; sourceTree = "<group>"; };
/* End PBXFileReference section */

/* Begin PBXFrameworksBuildPhase section */
		A30050BC15861B0A00CDC149 /* Frameworks */ = {
			isa = PBXFrameworksBuildPhase;
			buildActionMask = 2147483647;
			files = (
				A30050C415861B0A00CDC149 /* UIKit.framework in Frameworks */,
				A30050C615861B0A00CDC149 /* Foundation.framework in Frameworks */,
				A30050C815861B0A00CDC149 /* CoreGraphics.framework in Frameworks */,
			);
			runOnlyForDeploymentPostprocessing = 0;
		};
/* End PBXFrameworksBuildPhase section */

/* Begin PBXGroup section */
		A30050B415861B0900CDC149 = {
			isa = PBXGroup;
			children = (
				A30050C915861B0A00CDC149 /* button fun */,
				A30050C215861B0A00CDC149 /* Frameworks */,
				A30050C015861B0A00CDC149 /* Products */,
			);
			sourceTree = "<group>";
		};
		A30050C015861B0A00CDC149 /* Products */ = {
			isa = PBXGroup;
			children = (
				A30050BF15861B0A00CDC149 /* button fun.app */,
			);
			name = Products;
			sourceTree = "<group>";
		};
		A30050C215861B0A00CDC149 /* Frameworks */ = {
			isa = PBXGroup;
			children = (
				A30050C315861B0A00CDC149 /* UIKit.framework */,
				A30050C515861B0A00CDC149 /* Foundation.framework */,
				A30050C715861B0A00CDC149 /* CoreGraphics.framework */,
			);
			name = Frameworks;
			sourceTree = "<group>";
		};
		A30050C915861B0A00CDC149 /* button fun */ = {
			isa = PBXGroup;
			children = (
				A30050D215861B0A00CDC149 /* BIDAppDelegate.h */,
				A30050D315861B0A00CDC149 /* BIDAppDelegate.m */,
				A30050D515861B0A00CDC149 /* BIDViewController.h */,
				A30050D615861B0A00CDC149 /* BIDViewController.m */,
				A30050D815861B0A00CDC149 /* BIDViewController.xib */,
				A30050CA15861B0A00CDC149 /* Supporting Files */,
			);
			path = "button fun";
			sourceTree = "<group>";
		};
		A30050CA15861B0A00CDC149 /* Supporting Files */ = {
			isa = PBXGroup;
			children = (
				A30050CB15861B0A00CDC149 /* button fun-Info.plist */,
				A30050CC15861B0A00CDC149 /* InfoPlist.strings */,
				A30050CF15861B0A00CDC149 /* main.m */,
				A30050D115861B0A00CDC149 /* button fun-Prefix.pch */,
			);
			name = "Supporting Files";
			sourceTree = "<group>";
		};
/* End PBXGroup section */

/* Begin PBXNativeTarget section */
		A30050BE15861B0A00CDC149 /* button fun */ = {
			isa = PBXNativeTarget;
			buildConfigurationList = A30050DD15861B0A00CDC149 /* Build configuration list for PBXNativeTarget "button fun" */;
			buildPhases = (
				A30050BB15861B0A00CDC149 /* Sources */,
				A30050BC15861B0A00CDC149 /* Frameworks */,
				A30050BD15861B0A00CDC149 /* Resources */,
			);
			buildRules = (
			);
			dependencies = (
			);
			name = "button fun";
			productName = "button fun";
			productReference = A30050BF15861B0A00CDC149 /* button fun.app */;
			productType = "com.apple.product-type.application";
		};
/* End PBXNativeTarget section */

/* Begin PBXProject section */
		A30050B615861B0900CDC149 /* Project object */ = {
			isa = PBXProject;
			attributes = {
				LastUpgradeCheck = 0420;
			};
			buildConfigurationList = A30050B915861B0900CDC149 /* Build configuration list for PBXProject "button fun" */;
			compatibilityVersion = "Xcode 3.2";
			developmentRegion = English;
			hasScannedForEncodings = 0;
			knownRegions = (
				en,
			);
			mainGroup = A30050B415861B0900CDC149;
			productRefGroup = A30050C015861B0A00CDC149 /* Products */;
			projectDirPath = "";
			projectRoot = "";
			targets = (
				A30050BE15861B0A00CDC149 /* button fun */,
			);
		};
/* End PBXProject section */

/* Begin PBXResourcesBuildPhase section */
		A30050BD15861B0A00CDC149 /* Resources */ = {
			isa = PBXResourcesBuildPhase;
			buildActionMask = 2147483647;
			files = (
				A30050CE15861B0A00CDC149 /* InfoPlist.strings in Resources */,
				A30050DA15861B0A00CDC149 /* BIDViewController.xib in Resources */,
			);
			runOnlyForDeploymentPostprocessing = 0;
		};
/* End PBXResourcesBuildPhase section */

/* Begin PBXSourcesBuildPhase section */
		A30050BB15861B0A00CDC149 /* Sources */ = {
			isa = PBXSourcesBuildPhase;
			buildActionMask = 2147483647;
			files = (
				A30050D015861B0A00CDC149 /* main.m in Sources */,
				A30050D415861B0A00CDC149 /* BIDAppDelegate.m in Sources */,
				A30050D715861B0A00CDC149 /* BIDViewController.m in Sources */,
			);
			runOnlyForDeploymentPostprocessing = 0;
		};
/* End PBXSourcesBuildPhase section */

/* Begin PBXVariantGroup section */
		A30050CC15861B0A00CDC149 /* InfoPlist.strings */ = {
			isa = PBXVariantGroup;
			children = (
				A30050CD15861B0A00CDC149 /* en */,
			);
			name = InfoPlist.strings;
			sourceTree = "<group>";
		};
		A30050D815861B0A00CDC149 /* BIDViewController.xib */ = {
			isa = PBXVariantGroup;
			children = (
				A30050D915861B0A00CDC149 /* en */,
			);
			name = BIDViewController.xib;
			sourceTree = "<group>";
		};
/* End PBXVariantGroup section */

/* Begin XCBuildConfiguration section */
		A30050DB15861B0A00CDC149 /* Debug */ = {
			isa = XCBuildConfiguration;
			buildSettings = {
				ALWAYS_SEARCH_USER_PATHS = NO;
				ARCHS = "$(ARCHS_STANDARD_32_BIT)";
				CLANG_ENABLE_OBJC_ARC = YES;
				"CODE_SIGN_IDENTITY[sdk=iphoneos*]" = "iPhone Developer";
				COPY_PHASE_STRIP = NO;
				GCC_C_LANGUAGE_STANDARD = gnu99;
				GCC_DYNAMIC_NO_PIC = NO;
				GCC_OPTIMIZATION_LEVEL = 0;
				GCC_PREPROCESSOR_DEFINITIONS = (
					"DEBUG=1",
					"$(inherited)",
				);
				GCC_SYMBOLS_PRIVATE_EXTERN = NO;
				GCC_VERSION = com.apple.compilers.llvm.clang.1_0;
				GCC_WARN_ABOUT_MISSING_PROTOTYPES = YES;
				GCC_WARN_ABOUT_RETURN_TYPE = YES;
				GCC_WARN_UNUSED_VARIABLE = YES;
				IPHONEOS_DEPLOYMENT_TARGET = 5.0;
				SDKROOT = iphoneos;
			};
			name = Debug;
		};
		A30050DC15861B0A00CDC149 /* Release */ = {
			isa = XCBuildConfiguration;
			buildSettings = {
				ALWAYS_SEARCH_USER_PATHS = NO;
				ARCHS = "$(ARCHS_STANDARD_32_BIT)";
				CLANG_ENABLE_OBJC_ARC = YES;
				"CODE_SIGN_IDENTITY[sdk=iphoneos*]" = "iPhone Developer";
				COPY_PHASE_STRIP = YES;
				GCC_C_LANGUAGE_STANDARD = gnu99;
				GCC_VERSION = com.apple.compilers.llvm.clang.1_0;
				GCC_WARN_ABOUT_MISSING_PROTOTYPES = YES;
				GCC_WARN_ABOUT_RETURN_TYPE = YES;
				GCC_WARN_UNUSED_VARIABLE = YES;
				IPHONEOS_DEPLOYMENT_TARGET = 5.0;
				OTHER_CFLAGS = "-DNS_BLOCK_ASSERTIONS=1";
				SDKROOT = iphoneos;
				VALIDATE_PRODUCT = YES;
			};
			name = Release;
		};
		A30050DE15861B0A00CDC149 /* Debug */ = {
			isa = XCBuildConfiguration;
			buildSettings = {
				GCC_PRECOMPILE_PREFIX_HEADER = YES;
				GCC_PREFIX_HEADER = "button fun/button fun-Prefix.pch";
				INFOPLIST_FILE = "button fun/button fun-Info.plist";
				PRODUCT_NAME = "$(TARGET_NAME)";
				WRAPPER_EXTENSION = app;
			};
			name = Debug;
		};
		A30050DF15861B0A00CDC149 /* Release */ = {
			isa = XCBuildConfiguration;
			buildSettings = {
				GCC_PRECOMPILE_PREFIX_HEADER = YES;
				GCC_PREFIX_HEADER = "button fun/button fun-Prefix.pch";
				INFOPLIST_FILE = "button fun/button fun-Info.plist";
				PRODUCT_NAME = "$(TARGET_NAME)";
				WRAPPER_EXTENSION = app;
			};
			name = Release;
		};
/* End XCBuildConfiguration section */

/* Begin XCConfigurationList section */
		A30050B915861B0900CDC149 /* Build configuration list for PBXProject "button fun" */ = {
			isa = XCConfigurationList;
			buildConfigurations = (
				A30050DB15861B0A00CDC149 /* Debug */,
				A30050DC15861B0A00CDC149 /* Release */,
			);
			defaultConfigurationIsVisible = 0;
			defaultConfigurationName = Release;
		};
		A30050DD15861B0A00CDC149 /* Build configuration list for PBXNativeTarget "button fun" */ = {
			isa = XCConfigurationList;
			buildConfigurations = (
				A30050DE15861B0A00CDC149 /* Debug */,
				A30050DF15861B0A00CDC149 /* Release */,
			);
			defaultConfigurationIsVisible = 0;
		};
/* End XCConfigurationList section */
	};
	rootObject = A30050B615861B0900CDC149 /* Project object */;
}
